Microsoft Visual Studio Solution File, Format Version 12.00
# Visual Studio Version 17
VisualStudioVersion = 17.8.34525.116
MinimumVisualStudioVersion = 16.0.0.0
Project("{9A19103F-16F7-4668-BE54-9A1E7A4F7556}") = "OpenSilverWithSmartComponents.Server", "Server\OpenSilverWithSmartComponents.Server.csproj", "{031BA08A-78A8-467D-BC60-5329B52535CB}"
EndProject
Project("{9A19103F-16F7-4668-BE54-9A1E7A4F7556}") = "OpenSilverWithSmartComponents.Client", "Client\OpenSilverWithSmartComponents.Client.csproj", "{B6E32954-6655-4781-9998-F7258FCF00D3}"
EndProject
Project("{9A19103F-16F7-4668-BE54-9A1E7A4F7556}") = "OpenSilverWithSmartComponents.Shared", "Shared\OpenSilverWithSmartComponents.Shared.csproj", "{C37B46FD-2729-43F8-80C5-C8EA7A4BBEE9}"
EndProject
Project("{9A19103F-16F7-4668-BE54-9A1E7A4F7556}") = "OpenSilverWithSmartComponents", "OpenSilverWithSmartComponents\OpenSilverWithSmartComponents.csproj", "{FDAF1AAE-28F4-4DD2-B42E-716A87EC381F}"
EndProject
Global
	GlobalSection(SolutionConfigurationPlatforms) = preSolution
		Debug|Any CPU = Debug|Any CPU
		Debug|x64 = Debug|x64
		Debug|x86 = Debug|x86
		Release|Any CPU = Release|Any CPU
		Release|x64 = Release|x64
		Release|x86 = Release|x86
	EndGlobalSection
	GlobalSection(ProjectConfigurationPlatforms) = postSolution
		{031BA08A-78A8-467D-BC60-5329B52535CB}.Debug|Any CPU.ActiveCfg = Debug|Any CPU
		{031BA08A-78A8-467D-BC60-5329B52535CB}.Debug|Any CPU.Build.0 = Debug|Any CPU
		{031BA08A-78A8-467D-BC60-5329B52535CB}.Debug|x64.ActiveCfg = Debug|Any CPU
		{031BA08A-78A8-467D-BC60-5329B52535CB}.Debug|x64.Build.0 = Debug|Any CPU
		{031BA08A-78A8-467D-BC60-5329B52535CB}.Debug|x86.ActiveCfg = Debug|Any CPU
		{031BA08A-78A8-467D-BC60-5329B52535CB}.Debug|x86.Build.0 = Debug|Any CPU
		{031BA08A-78A8-467D-BC60-5329B52535CB}.Release|Any CPU.ActiveCfg = Release|Any CPU
		{031BA08A-78A8-467D-BC60-5329B52535CB}.Release|Any CPU.Build.0 = Release|Any CPU
		{031BA08A-78A8-467D-BC60-5329B52535CB}.Release|x64.ActiveCfg = Release|Any CPU
		{031BA08A-78A8-467D-BC60-5329B52535CB}.Release|x64.Build.0 = Release|Any CPU
		{031BA08A-78A8-467D-BC60-5329B52535CB}.Release|x86.ActiveCfg = Release|Any CPU
		{031BA08A-78A8-467D-BC60-5329B52535CB}.Release|x86.Build.0 = Release|Any CPU
		{B6E32954-6655-4781-9998-F7258FCF00D3}.Debug|Any CPU.ActiveCfg = Debug|Any CPU
		{B6E32954-6655-4781-9998-F7258FCF00D3}.Debug|Any CPU.Build.0 = Debug|Any CPU
		{B6E32954-6655-4781-9998-F7258FCF00D3}.Debug|x64.ActiveCfg = Debug|Any CPU
		{B6E32954-6655-4781-9998-F7258FCF00D3}.Debug|x64.Build.0 = Debug|Any CPU
		{B6E32954-6655-4781-9998-F7258FCF00D3}.Debug|x86.ActiveCfg = Debug|Any CPU
		{B6E32954-6655-4781-9998-F7258FCF00D3}.Debug|x86.Build.0 = Debug|Any CPU
		{B6E32954-6655-4781-9998-F7258FCF00D3}.Release|Any CPU.ActiveCfg = Release|Any CPU
		{B6E32954-6655-4781-9998-F7258FCF00D3}.Release|Any CPU.Build.0 = Release|Any CPU
		{B6E32954-6655-4781-9998-F7258FCF00D3}.Release|x64.ActiveCfg = Release|Any CPU
		{B6E32954-6655-4781-9998-F7258FCF00D3}.Release|x64.Build.0 = Release|Any CPU
		{B6E32954-6655-4781-9998-F7258FCF00D3}.Release|x86.ActiveCfg = Release|Any CPU
		{B6E32954-6655-4781-9998-F7258FCF00D3}.Release|x86.Build.0 = Release|Any CPU
		{C37B46FD-2729-43F8-80C5-C8EA7A4BBEE9}.Debug|Any CPU.ActiveCfg = Debug|Any CPU
		{C37B46FD-2729-43F8-80C5-C8EA7A4BBEE9}.Debug|Any CPU.Build.0 = Debug|Any CPU
		{C37B46FD-2729-43F8-80C5-C8EA7A4BBEE9}.Debug|x64.ActiveCfg = Debug|Any CPU
		{C37B46FD-2729-43F8-80C5-C8EA7A4BBEE9}.Debug|x64.Build.0 = Debug|Any CPU
		{C37B46FD-2729-43F8-80C5-C8EA7A4BBEE9}.Debug|x86.ActiveCfg = Debug|Any CPU
		{C37B46FD-2729-43F8-80C5-C8EA7A4BBEE9}.Debug|x86.Build.0 = Debug|Any CPU
		{C37B46FD-2729-43F8-80C5-C8EA7A4BBEE9}.Release|Any CPU.ActiveCfg = Release|Any CPU
		{C37B46FD-2729-43F8-80C5-C8EA7A4BBEE9}.Release|Any CPU.Build.0 = Release|Any CPU
		{C37B46FD-2729-43F8-80C5-C8EA7A4BBEE9}.Release|x64.ActiveCfg = Release|Any CPU
		{C37B46FD-2729-43F8-80C5-C8EA7A4BBEE9}.Release|x64.Build.0 = Release|Any CPU
		{C37B46FD-2729-43F8-80C5-C8EA7A4BBEE9}.Release|x86.ActiveCfg = Release|Any CPU
		{C37B46FD-2729-43F8-80C5-C8EA7A4BBEE9}.Release|x86.Build.0 = Release|Any CPU
		{FDAF1AAE-28F4-4DD2-B42E-716A87EC381F}.Debug|Any CPU.ActiveCfg = Debug|Any CPU
		{FDAF1AAE-28F4-4DD2-B42E-716A87EC381F}.Debug|Any CPU.Build.0 = Debug|Any CPU
		{FDAF1AAE-28F4-4DD2-B42E-716A87EC381F}.Debug|x64.ActiveCfg = Debug|Any CPU
		{FDAF1AAE-28F4-4DD2-B42E-716A87EC381F}.Debug|x64.Build.0 = Debug|Any CPU
		{FDAF1AAE-28F4-4DD2-B42E-716A87EC381F}.Debug|x86.ActiveCfg = Debug|Any CPU
		{FDAF1AAE-28F4-4DD2-B42E-716A87EC381F}.Debug|x86.Build.0 = Debug|Any CPU
		{FDAF1AAE-28F4-4DD2-B42E-716A87EC381F}.Release|Any CPU.ActiveCfg = Release|Any CPU
		{FDAF1AAE-28F4-4DD2-B42E-716A87EC381F}.Release|Any CPU.Build.0 = Release|Any CPU
		{FDAF1AAE-28F4-4DD2-B42E-716A87EC381F}.Release|x64.ActiveCfg = Release|Any CPU
		{FDAF1AAE-28F4-4DD2-B42E-716A87EC381F}.Release|x64.Build.0 = Release|Any CPU
		{FDAF1AAE-28F4-4DD2-B42E-716A87EC381F}.Release|x86.ActiveCfg = Release|Any CPU
		{FDAF1AAE-28F4-4DD2-B42E-716A87EC381F}.Release|x86.Build.0 = Release|Any CPU
	EndGlobalSection
	GlobalSection(SolutionProperties) = preSolution
		HideSolutionNode = FALSE
	EndGlobalSection
	GlobalSection(ExtensibilityGlobals) = postSolution
		SolutionGuid = {8765C8D4-BDCA-4B28-959A-72D51FE8B8B2}
	EndGlobalSection
EndGlobal
